
Microsoft Visual Studio Solution File, Format Version 12.00
# Visual Studio Version 16
VisualStudioVersion = 16.0.30204.135
MinimumVisualStudioVersion = 10.0.40219.1
Project("{FAE04EC0-301F-11D3-BF4B-00C04F79EFBC}") = "IEnumerableInterfaces", "IEnumerableInterfaces\IEnumerableInterfaces.csproj", "{554173B8-2389-45F8-A5E0-D431CBF0A2BE}"
EndProject
Global
	GlobalSection(SolutionConfigurationPlatforms) = preSolution
		Debug|Any CPU = Debug|Any CPU
		Release|Any CPU = Release|Any CPU
	EndGlobalSection
	GlobalSection(ProjectConfigurationPlatforms) = postSolution
		{554173B8-2389-45F8-A5E0-D431CBF0A2BE}.Debug|Any CPU.ActiveCfg = Debug|Any CPU
		{554173B8-2389-45F8-A5E0-D431CBF0A2BE}.Debug|Any CPU.Build.0 = Debug|Any CPU
		{554173B8-2389-45F8-A5E0-D431CBF0A2BE}.Release|Any CPU.ActiveCfg = Release|Any CPU
		{554173B8-2389-45F8-A5E0-D431CBF0A2BE}.Release|Any CPU.Build.0 = Release|Any CPU
	EndGlobalSection
	GlobalSection(SolutionProperties) = preSolution
		HideSolutionNode = FALSE
	EndGlobalSection
	GlobalSection(ExtensibilityGlobals) = postSolution
		SolutionGuid = {BB1EE484-42DB-4709-8108-F69DA6486E0C}
	EndGlobalSection
EndGlobal
